// !$*UTF8*$!
{
	archiveVersion = 1;
	classes = {
	};
	objectVersion = 46;
	objects = {

/* Begin PBXBuildFile section */
		0B7DB15F4D304B47B991A2E2 /* libPods.a in Frameworks */ = {isa = PBXBuildFile; fileRef = 31F461D18D284BAE83F3D50F /* libPods.a */; };
		70517F641CD6DC070029233C /* JEBaseWeiboCell.m in Sources */ = {isa = PBXBuildFile; fileRef = 70517F631CD6DC070029233C /* JEBaseWeiboCell.m */; };
		70517F6A1CD6DD2C0029233C /* JEBaseWeiboContentModel.m in Sources */ = {isa = PBXBuildFile; fileRef = 70517F691CD6DD2C0029233C /* JEBaseWeiboContentModel.m */; };
		70517F6D1CD775B10029233C /* NSDictionary+NotNullKey.m in Sources */ = {isa = PBXBuildFile; fileRef = 70517F6C1CD775B10029233C /* NSDictionary+NotNullKey.m */; };
		70517F711CD77E3F0029233C /* JEGeoInfoModel.m in Sources */ = {isa = PBXBuildFile; fileRef = 70517F701CD77E3F0029233C /* JEGeoInfoModel.m */; };
		70517F741CD77E740029233C /* JEBaseUserInfoModel.m in Sources */ = {isa = PBXBuildFile; fileRef = 70517F731CD77E740029233C /* JEBaseUserInfoModel.m */; };
		70517F771CD782F30029233C /* JEBaseModel.m in Sources */ = {isa = PBXBuildFile; fileRef = 70517F761CD782F30029233C /* JEBaseModel.m */; };
		70517F7B1CD79FF00029233C /* JSONKit.m in Sources */ = {isa = PBXBuildFile; fileRef = 70517F7A1CD79FF00029233C /* JSONKit.m */; settings = {COMPILER_FLAGS = "-fno-objc-arc"; }; };
		70517F811CD7A0F30029233C /* JEHTTPManager.m in Sources */ = {isa = PBXBuildFile; fileRef = 70517F801CD7A0F30029233C /* JEHTTPManager.m */; };
		70517F851CD8356F0029233C /* JEHTTPManager+Content.m in Sources */ = {isa = PBXBuildFile; fileRef = 70517F841CD8356F0029233C /* JEHTTPManager+Content.m */; };
		70517F891CD83D0C0029233C /* JEUserManager.m in Sources */ = {isa = PBXBuildFile; fileRef = 70517F881CD83D0C0029233C /* JEUserManager.m */; };
		707B38D01CD2FA24000A3C93 /* main.m in Sources */ = {isa = PBXBuildFile; fileRef = 707B38CF1CD2FA24000A3C93 /* main.m */; };
		707B38DE1CD2FA24000A3C93 /* LaunchScreen.storyboard in Resources */ = {isa = PBXBuildFile; fileRef = 707B38DC1CD2FA24000A3C93 /* LaunchScreen.storyboard */; };
		707B38E91CD2FA24000A3C93 /* JellyboTests.m in Sources */ = {isa = PBXBuildFile; fileRef = 707B38E81CD2FA24000A3C93 /* JellyboTests.m */; };
		707B38F41CD2FA24000A3C93 /* JellyboUITests.m in Sources */ = {isa = PBXBuildFile; fileRef = 707B38F31CD2FA24000A3C93 /* JellyboUITests.m */; };
		707B39071CD2FAF1000A3C93 /* RootViewController.m in Sources */ = {isa = PBXBuildFile; fileRef = 707B39061CD2FAF1000A3C93 /* RootViewController.m */; };
		707B390B1CD2FCAA000A3C93 /* AppDelegate.m in Sources */ = {isa = PBXBuildFile; fileRef = 707B390A1CD2FCAA000A3C93 /* AppDelegate.m */; };
		707B39141CD30010000A3C93 /* JEHelper.m in Sources */ = {isa = PBXBuildFile; fileRef = 707B39131CD30010000A3C93 /* JEHelper.m */; };
		707B39161CD3015C000A3C93 /* Localizable.strings in Resources */ = {isa = PBXBuildFile; fileRef = 707B39151CD3015C000A3C93 /* Localizable.strings */; };
		707B391D1CD30218000A3C93 /* EXTScope.m in Sources */ = {isa = PBXBuildFile; fileRef = 707B391B1CD30218000A3C93 /* EXTScope.m */; };
		707B39251CD34CAD000A3C93 /* JEHomeViewController.m in Sources */ = {isa = PBXBuildFile; fileRef = 707B39241CD34CAD000A3C93 /* JEHomeViewController.m */; };
		707B39281CD34CCF000A3C93 /* JEDiscoverViewController.m in Sources */ = {isa = PBXBuildFile; fileRef = 707B39271CD34CCF000A3C93 /* JEDiscoverViewController.m */; };
		707B392B1CD34CED000A3C93 /* JEMessagesViewController.m in Sources */ = {isa = PBXBuildFile; fileRef = 707B392A1CD34CED000A3C93 /* JEMessagesViewController.m */; };
		707B392E1CD34D01000A3C93 /* JEPersonViewController.m in Sources */ = {isa = PBXBuildFile; fileRef = 707B392D1CD34D01000A3C93 /* JEPersonViewController.m */; };
		70C7E7001CDA3BA900F0153E /* JECacheManager.m in Sources */ = {isa = PBXBuildFile; fileRef = 70C7E6FF1CDA3BA900F0153E /* JECacheManager.m */; };
		70DAE08B1CD8E80800DAE0FE /* JERetweetViewInCell.m in Sources */ = {isa = PBXBuildFile; fileRef = 70DAE08A1CD8E80800DAE0FE /* JERetweetViewInCell.m */; };
		70DAE08E1CD8E87500DAE0FE /* UINavigationController+Custom.m in Sources */ = {isa = PBXBuildFile; fileRef = 70DAE08D1CD8E87500DAE0FE /* UINavigationController+Custom.m */; };
		70DAE0901CD9AE1100DAE0FE /* Assets.xcassets in Resources */ = {isa = PBXBuildFile; fileRef = 70DAE08F1CD9AE1100DAE0FE /* Assets.xcassets */; };
		70DAE0941CD9B9FA00DAE0FE /* JEDrawerHelper.m in Sources */ = {isa = PBXBuildFile; fileRef = 70DAE0931CD9B9FA00DAE0FE /* JEDrawerHelper.m */; };
		70DAE0981CD9E40A00DAE0FE /* JEHTTPManager+User.m in Sources */ = {isa = PBXBuildFile; fileRef = 70DAE0971CD9E40A00DAE0FE /* JEHTTPManager+User.m */; };
/* End PBXBuildFile section */

/* Begin PBXContainerItemProxy section */
		707B38E51CD2FA24000A3C93 /* PBXContainerItemProxy */ = {
			isa = PBXContainerItemProxy;
			containerPortal = 707B38C31CD2FA24000A3C93 /* Project object */;
			proxyType = 1;
			remoteGlobalIDString = 707B38CA1CD2FA24000A3C93;
			remoteInfo = Jellybo;
		};
		707B38F01CD2FA24000A3C93 /* PBXContainerItemProxy */ = {
			isa = PBXContainerItemProxy;
			containerPortal = 707B38C31CD2FA24000A3C93 /* Project object */;
			proxyType = 1;
			remoteGlobalIDString = 707B38CA1CD2FA24000A3C93;
			remoteInfo = Jellybo;
		};
/* End PBXContainerItemProxy section */

/* Begin PBXFileReference section */
		31F461D18D284BAE83F3D50F /* libPods.a */ = {isa = PBXFileReference; explicitFileType = archive.ar; includeInIndex = 0; path = libPods.a; sourceTree = BUILT_PRODUCTS_DIR; };
		70517F621CD6DC070029233C /* JEBaseWeiboCell.h */ = {isa = PBXFileReference; fileEncoding = 4; lastKnownFileType = sourcecode.c.h; name = JEBaseWeiboCell.h; path = Jellybo/UIViewControllers/Home/View/JEBaseWeiboCell.h; sourceTree = SOURCE_ROOT; };
		70517F631CD6DC070029233C /* JEBaseWeiboCell.m */ = {isa = PBXFileReference; fileEncoding = 4; lastKnownFileType = sourcecode.c.objc; name = JEBaseWeiboCell.m; path = Jellybo/UIViewControllers/Home/View/JEBaseWeiboCell.m; sourceTree = SOURCE_ROOT; };
		70517F681CD6DD2C0029233C /* JEBaseWeiboContentModel.h */ = {isa = PBXFileReference; fileEncoding = 4; lastKnownFileType = sourcecode.c.h; name = JEBaseWeiboContentModel.h; path = Models/Content/JEBaseWeiboContentModel.h; sourceTree = "<group>"; };
		70517F691CD6DD2C0029233C /* JEBaseWeiboContentModel.m */ = {isa = PBXFileReference; fileEncoding = 4; lastKnownFileType = sourcecode.c.objc; name = JEBaseWeiboContentModel.m; path = Models/Content/JEBaseWeiboContentModel.m; sourceTree = "<group>"; };
		70517F6B1CD775B10029233C /* NSDictionary+NotNullKey.h */ = {isa = PBXFileReference; fileEncoding = 4; lastKnownFileType = sourcecode.c.h; name = "NSDictionary+NotNullKey.h"; path = "Vendors/NSDictionary+NotNullKey.h"; sourceTree = "<group>"; };
		70517F6C1CD775B10029233C /* NSDictionary+NotNullKey.m */ = {isa = PBXFileReference; fileEncoding = 4; lastKnownFileType = sourcecode.c.objc; name = "NSDictionary+NotNullKey.m"; path = "Vendors/NSDictionary+NotNullKey.m"; sourceTree = "<group>"; };
		70517F6F1CD77E3F0029233C /* JEGeoInfoModel.h */ = {isa = PBXFileReference; fileEncoding = 4; lastKnownFileType = sourcecode.c.h; name = JEGeoInfoModel.h; path = Models/Geography/JEGeoInfoModel.h; sourceTree = "<group>"; };
		70517F701CD77E3F0029233C /* JEGeoInfoModel.m */ = {isa = PBXFileReference; fileEncoding = 4; lastKnownFileType = sourcecode.c.objc; name = JEGeoInfoModel.m; path = Models/Geography/JEGeoInfoModel.m; sourceTree = "<group>"; };
		70517F721CD77E740029233C /* JEBaseUserInfoModel.h */ = {isa = PBXFileReference; fileEncoding = 4; lastKnownFileType = sourcecode.c.h; name = JEBaseUserInfoModel.h; path = Models/User/JEBaseUserInfoModel.h; sourceTree = "<group>"; };
		70517F731CD77E740029233C /* JEBaseUserInfoModel.m */ = {isa = PBXFileReference; fileEncoding = 4; lastKnownFileType = sourcecode.c.objc; name = JEBaseUserInfoModel.m; path = Models/User/JEBaseUserInfoModel.m; sourceTree = "<group>"; };
		70517F751CD782F30029233C /* JEBaseModel.h */ = {isa = PBXFileReference; fileEncoding = 4; lastKnownFileType = sourcecode.c.h; name = JEBaseModel.h; path = Models/JEBaseModel.h; sourceTree = "<group>"; };
		70517F761CD782F30029233C /* JEBaseModel.m */ = {isa = PBXFileReference; fileEncoding = 4; lastKnownFileType = sourcecode.c.objc; name = JEBaseModel.m; path = Models/JEBaseModel.m; sourceTree = "<group>"; };
		70517F781CD799560029233C /* JEApiKeys.h */ = {isa = PBXFileReference; lastKnownFileType = sourcecode.c.h; name = JEApiKeys.h; path = Application/JEApiKeys.h; sourceTree = "<group>"; };
		70517F791CD79FF00029233C /* JSONKit.h */ = {isa = PBXFileReference; fileEncoding = 4; lastKnownFileType = sourcecode.c.h; name = JSONKit.h; path = Vendors/JSONKit.h; sourceTree = "<group>"; };
		70517F7A1CD79FF00029233C /* JSONKit.m */ = {isa = PBXFileReference; fileEncoding = 4; lastKnownFileType = sourcecode.c.objc; name = JSONKit.m; path = Vendors/JSONKit.m; sourceTree = "<group>"; };
		70517F7F1CD7A0F30029233C /* JEHTTPManager.h */ = {isa = PBXFileReference; fileEncoding = 4; lastKnownFileType = sourcecode.c.h; path = JEHTTPManager.h; sourceTree = "<group>"; };
		70517F801CD7A0F30029233C /* JEHTTPManager.m */ = {isa = PBXFileReference; fileEncoding = 4; lastKnownFileType = sourcecode.c.objc; path = JEHTTPManager.m; sourceTree = "<group>"; };
		70517F831CD8356F0029233C /* JEHTTPManager+Content.h */ = {isa = PBXFileReference; fileEncoding = 4; lastKnownFileType = sourcecode.c.h; path = "JEHTTPManager+Content.h"; sourceTree = "<group>"; };
		70517F841CD8356F0029233C /* JEHTTPManager+Content.m */ = {isa = PBXFileReference; fileEncoding = 4; lastKnownFileType = sourcecode.c.objc; path = "JEHTTPManager+Content.m"; sourceTree = "<group>"; };
		70517F871CD83D0C0029233C /* JEUserManager.h */ = {isa = PBXFileReference; fileEncoding = 4; lastKnownFileType = sourcecode.c.h; path = JEUserManager.h; sourceTree = "<group>"; };
		70517F881CD83D0C0029233C /* JEUserManager.m */ = {isa = PBXFileReference; fileEncoding = 4; lastKnownFileType = sourcecode.c.objc; path = JEUserManager.m; sourceTree = "<group>"; };
		707B38CB1CD2FA24000A3C93 /* Jellybo.app */ = {isa = PBXFileReference; explicitFileType = wrapper.application; includeInIndex = 0; path = Jellybo.app; sourceTree = BUILT_PRODUCTS_DIR; };
		707B38CF1CD2FA24000A3C93 /* main.m */ = {isa = PBXFileReference; lastKnownFileType = sourcecode.c.objc; path = main.m; sourceTree = "<group>"; };
		707B38DD1CD2FA24000A3C93 /* Base */ = {isa = PBXFileReference; lastKnownFileType = file.storyboard; name = Base; path = Base.lproj/LaunchScreen.storyboard; sourceTree = "<group>"; };
		707B38DF1CD2FA24000A3C93 /* Info.plist */ = {isa = PBXFileReference; lastKnownFileType = text.plist.xml; path = Info.plist; sourceTree = "<group>"; };
		707B38E41CD2FA24000A3C93 /* JellyboTests.xctest */ = {isa = PBXFileReference; explicitFileType = wrapper.cfbundle; includeInIndex = 0; path = JellyboTests.xctest; sourceTree = BUILT_PRODUCTS_DIR; };
		707B38E81CD2FA24000A3C93 /* JellyboTests.m */ = {isa = PBXFileReference; lastKnownFileType = sourcecode.c.objc; path = JellyboTests.m; sourceTree = "<group>"; };
		707B38EA1CD2FA24000A3C93 /* Info.plist */ = {isa = PBXFileReference; lastKnownFileType = text.plist.xml; path = Info.plist; sourceTree = "<group>"; };
		707B38EF1CD2FA24000A3C93 /* JellyboUITests.xctest */ = {isa = PBXFileReference; explicitFileType = wrapper.cfbundle; includeInIndex = 0; path = JellyboUITests.xctest; sourceTree = BUILT_PRODUCTS_DIR; };
		707B38F31CD2FA24000A3C93 /* JellyboUITests.m */ = {isa = PBXFileReference; lastKnownFileType = sourcecode.c.objc; path = JellyboUITests.m; sourceTree = "<group>"; };
		707B38F51CD2FA24000A3C93 /* Info.plist */ = {isa = PBXFileReference; lastKnownFileType = text.plist.xml; path = Info.plist; sourceTree = "<group>"; };
		707B39051CD2FAF1000A3C93 /* RootViewController.h */ = {isa = PBXFileReference; fileEncoding = 4; lastKnownFileType = sourcecode.c.h; name = RootViewController.h; path = UIViewControllers/RootViewController.h; sourceTree = "<group>"; };
		707B39061CD2FAF1000A3C93 /* RootViewController.m */ = {isa = PBXFileReference; fileEncoding = 4; lastKnownFileType = sourcecode.c.objc; name = RootViewController.m; path = UIViewControllers/RootViewController.m; sourceTree = "<group>"; };
		707B39091CD2FCAA000A3C93 /* AppDelegate.h */ = {isa = PBXFileReference; fileEncoding = 4; lastKnownFileType = sourcecode.c.h; name = AppDelegate.h; path = Application/AppDelegate.h; sourceTree = "<group>"; };
		707B390A1CD2FCAA000A3C93 /* AppDelegate.m */ = {isa = PBXFileReference; fileEncoding = 4; lastKnownFileType = sourcecode.c.objc; name = AppDelegate.m; path = Application/AppDelegate.m; sourceTree = "<group>"; };
		707B390C1CD2FCF5000A3C93 /* PrefixHeader.pch */ = {isa = PBXFileReference; lastKnownFileType = sourcecode.c.h; name = PrefixHeader.pch; path = Application/PrefixHeader.pch; sourceTree = "<group>"; };
		707B390D1CD2FD97000A3C93 /* Macros.h */ = {isa = PBXFileReference; lastKnownFileType = sourcecode.c.h; name = Macros.h; path = SupportingFiles/Macros.h; sourceTree = "<group>"; };
		707B39121CD30010000A3C93 /* JEHelper.h */ = {isa = PBXFileReference; fileEncoding = 4; lastKnownFileType = sourcecode.c.h; name = JEHelper.h; path = Helpers/JEHelper.h; sourceTree = "<group>"; };
		707B39131CD30010000A3C93 /* JEHelper.m */ = {isa = PBXFileReference; fileEncoding = 4; lastKnownFileType = sourcecode.c.objc; name = JEHelper.m; path = Helpers/JEHelper.m; sourceTree = "<group>"; };
		707B39151CD3015C000A3C93 /* Localizable.strings */ = {isa = PBXFileReference; fileEncoding = 4; lastKnownFileType = text.plist.strings; name = Localizable.strings; path = SupportingFiles/Localizable.strings; sourceTree = "<group>"; };
		707B391A1CD30218000A3C93 /* EXTScope.h */ = {isa = PBXFileReference; fileEncoding = 4; lastKnownFileType = sourcecode.c.h; name = EXTScope.h; path = Vendors/EXTScope/EXTScope.h; sourceTree = "<group>"; };
		707B391B1CD30218000A3C93 /* EXTScope.m */ = {isa = PBXFileReference; fileEncoding = 4; lastKnownFileType = sourcecode.c.objc; name = EXTScope.m; path = Vendors/EXTScope/EXTScope.m; sourceTree = "<group>"; };
		707B391C1CD30218000A3C93 /* metamacros.h */ = {isa = PBXFileReference; fileEncoding = 4; lastKnownFileType = sourcecode.c.h; name = metamacros.h; path = Vendors/EXTScope/metamacros.h; sourceTree = "<group>"; };
		707B39231CD34CAD000A3C93 /* JEHomeViewController.h */ = {isa = PBXFileReference; fileEncoding = 4; lastKnownFileType = sourcecode.c.h; name = JEHomeViewController.h; path = UIViewControllers/Home/JEHomeViewController.h; sourceTree = "<group>"; };
		707B39241CD34CAD000A3C93 /* JEHomeViewController.m */ = {isa = PBXFileReference; fileEncoding = 4; lastKnownFileType = sourcecode.c.objc; name = JEHomeViewController.m; path = UIViewControllers/Home/JEHomeViewController.m; sourceTree = "<group>"; };
		707B39261CD34CCF000A3C93 /* JEDiscoverViewController.h */ = {isa = PBXFileReference; fileEncoding = 4; lastKnownFileType = sourcecode.c.h; name = JEDiscoverViewController.h; path = UIViewControllers/Discover/JEDiscoverViewController.h; sourceTree = "<group>"; };
		707B39271CD34CCF000A3C93 /* JEDiscoverViewController.m */ = {isa = PBXFileReference; fileEncoding = 4; lastKnownFileType = sourcecode.c.objc; name = JEDiscoverViewController.m; path = UIViewControllers/Discover/JEDiscoverViewController.m; sourceTree = "<group>"; };
		707B39291CD34CED000A3C93 /* JEMessagesViewController.h */ = {isa = PBXFileReference; fileEncoding = 4; lastKnownFileType = sourcecode.c.h; name = JEMessagesViewController.h; path = UIViewControllers/Messages/JEMessagesViewController.h; sourceTree = "<group>"; };
		707B392A1CD34CED000A3C93 /* JEMessagesViewController.m */ = {isa = PBXFileReference; fileEncoding = 4; lastKnownFileType = sourcecode.c.objc; name = JEMessagesViewController.m; path = UIViewControllers/Messages/JEMessagesViewController.m; sourceTree = "<group>"; };
		707B392C1CD34D01000A3C93 /* JEPersonViewController.h */ = {isa = PBXFileReference; fileEncoding = 4; lastKnownFileType = sourcecode.c.h; name = JEPersonViewController.h; path = UIViewControllers/Person/JEPersonViewController.h; sourceTree = "<group>"; };
		707B392D1CD34D01000A3C93 /* JEPersonViewController.m */ = {isa = PBXFileReference; fileEncoding = 4; lastKnownFileType = sourcecode.c.objc; name = JEPersonViewController.m; path = UIViewControllers/Person/JEPersonViewController.m; sourceTree = "<group>"; };
		707B392F1CD351FD000A3C93 /* Colors.h */ = {isa = PBXFileReference; lastKnownFileType = sourcecode.c.h; name = Colors.h; path = SupportingFiles/Colors.h; sourceTree = "<group>"; };
		70C7E6FE1CDA3BA900F0153E /* JECacheManager.h */ = {isa = PBXFileReference; fileEncoding = 4; lastKnownFileType = sourcecode.c.h; path = JECacheManager.h; sourceTree = "<group>"; };
		70C7E6FF1CDA3BA900F0153E /* JECacheManager.m */ = {isa = PBXFileReference; fileEncoding = 4; lastKnownFileType = sourcecode.c.objc; path = JECacheManager.m; sourceTree = "<group>"; };
		70DAE0891CD8E80800DAE0FE /* JERetweetViewInCell.h */ = {isa = PBXFileReference; fileEncoding = 4; lastKnownFileType = sourcecode.c.h; name = JERetweetViewInCell.h; path = Jellybo/UIViewControllers/Home/View/JERetweetViewInCell.h; sourceTree = SOURCE_ROOT; };
		70DAE08A1CD8E80800DAE0FE /* JERetweetViewInCell.m */ = {isa = PBXFileReference; fileEncoding = 4; lastKnownFileType = sourcecode.c.objc; name = JERetweetViewInCell.m; path = Jellybo/UIViewControllers/Home/View/JERetweetViewInCell.m; sourceTree = SOURCE_ROOT; };
		70DAE08C1CD8E87500DAE0FE /* UINavigationController+Custom.h */ = {isa = PBXFileReference; fileEncoding = 4; lastKnownFileType = sourcecode.c.h; name = "UINavigationController+Custom.h"; path = "Vendors/UINavigationController+Custom.h"; sourceTree = "<group>"; };
		70DAE08D1CD8E87500DAE0FE /* UINavigationController+Custom.m */ = {isa = PBXFileReference; fileEncoding = 4; lastKnownFileType = sourcecode.c.objc; name = "UINavigationController+Custom.m"; path = "Vendors/UINavigationController+Custom.m"; sourceTree = "<group>"; };
		70DAE08F1CD9AE1100DAE0FE /* Assets.xcassets */ = {isa = PBXFileReference; lastKnownFileType = folder.assetcatalog; path = Assets.xcassets; sourceTree = "<group>"; };
		70DAE0921CD9B9FA00DAE0FE /* JEDrawerHelper.h */ = {isa = PBXFileReference; fileEncoding = 4; lastKnownFileType = sourcecode.c.h; path = JEDrawerHelper.h; sourceTree = "<group>"; };
		70DAE0931CD9B9FA00DAE0FE /* JEDrawerHelper.m */ = {isa = PBXFileReference; fileEncoding = 4; lastKnownFileType = sourcecode.c.objc; path = JEDrawerHelper.m; sourceTree = "<group>"; };
		70DAE0961CD9E40A00DAE0FE /* JEHTTPManager+User.h */ = {isa = PBXFileReference; fileEncoding = 4; lastKnownFileType = sourcecode.c.h; path = "JEHTTPManager+User.h"; sourceTree = "<group>"; };
		70DAE0971CD9E40A00DAE0FE /* JEHTTPManager+User.m */ = {isa = PBXFileReference; fileEncoding = 4; lastKnownFileType = sourcecode.c.objc; path = "JEHTTPManager+User.m"; sourceTree = "<group>"; };
		CB6F737BE6E44C8CA5F096C4 /* Pods.xcconfig */ = {isa = PBXFileReference; includeInIndex = 1; lastKnownFileType = text.xcconfig; name = Pods.xcconfig; path = Pods/Pods.xcconfig; sourceTree = "<group>"; };
/* End PBXFileReference section */

/* Begin PBXFrameworksBuildPhase section */
		707B38C81CD2FA24000A3C93 /* Frameworks */ = {
			isa = PBXFrameworksBuildPhase;
			buildActionMask = 2147483647;
			files = (
				0B7DB15F4D304B47B991A2E2 /* libPods.a in Frameworks */,
			);
			runOnlyForDeploymentPostprocessing = 0;
		};
		707B38E11CD2FA24000A3C93 /* Frameworks */ = {
			isa = PBXFrameworksBuildPhase;
			buildActionMask = 2147483647;
			files = (
			);
			runOnlyForDeploymentPostprocessing = 0;
		};
		707B38EC1CD2FA24000A3C93 /* Frameworks */ = {
			isa = PBXFrameworksBuildPhase;
			buildActionMask = 2147483647;
			files = (
			);
			runOnlyForDeploymentPostprocessing = 0;
		};
/* End PBXFrameworksBuildPhase section */

/* Begin PBXGroup section */
		33C8C5F2719D49F2B1DF942A /* Frameworks */ = {
			isa = PBXGroup;
			children = (
				31F461D18D284BAE83F3D50F /* libPods.a */,
			);
			name = Frameworks;
			sourceTree = "<group>";
		};
		70517F611CD6DB720029233C /* View */ = {
			isa = PBXGroup;
			children = (
				70517F621CD6DC070029233C /* JEBaseWeiboCell.h */,
				70517F631CD6DC070029233C /* JEBaseWeiboCell.m */,
				70DAE0891CD8E80800DAE0FE /* JERetweetViewInCell.h */,
				70DAE08A1CD8E80800DAE0FE /* JERetweetViewInCell.m */,
			);
			path = View;
			sourceTree = "<group>";
		};
		70517F651CD6DC810029233C /* Models */ = {
			isa = PBXGroup;
			children = (
				70517F6E1CD77DC80029233C /* Geography */,
				70517F671CD6DC950029233C /* Content */,
				70517F661CD6DC8B0029233C /* User */,
				70517F751CD782F30029233C /* JEBaseModel.h */,
				70517F761CD782F30029233C /* JEBaseModel.m */,
			);
			name = Models;
			sourceTree = "<group>";
		};
		70517F661CD6DC8B0029233C /* User */ = {
			isa = PBXGroup;
			children = (
				70517F721CD77E740029233C /* JEBaseUserInfoModel.h */,
				70517F731CD77E740029233C /* JEBaseUserInfoModel.m */,
			);
			name = User;
			sourceTree = "<group>";
		};
		70517F671CD6DC950029233C /* Content */ = {
			isa = PBXGroup;
			children = (
				70517F681CD6DD2C0029233C /* JEBaseWeiboContentModel.h */,
				70517F691CD6DD2C0029233C /* JEBaseWeiboContentModel.m */,
			);
			name = Content;
			sourceTree = "<group>";
		};
		70517F6E1CD77DC80029233C /* Geography */ = {
			isa = PBXGroup;
			children = (
				70517F6F1CD77E3F0029233C /* JEGeoInfoModel.h */,
				70517F701CD77E3F0029233C /* JEGeoInfoModel.m */,
			);
			name = Geography;
			sourceTree = "<group>";
		};
		70517F7C1CD7A0610029233C /* Data */ = {
			isa = PBXGroup;
			children = (
				70517F7E1CD7A07F0029233C /* Cache */,
				70517F7D1CD7A06D0029233C /* Network */,
			);
			path = Data;
			sourceTree = "<group>";
		};
		70517F7D1CD7A06D0029233C /* Network */ = {
			isa = PBXGroup;
			children = (
				70DAE0951CD9E3E700DAE0FE /* User */,
				70517F821CD8353C0029233C /* Content */,
				70517F7F1CD7A0F30029233C /* JEHTTPManager.h */,
				70517F801CD7A0F30029233C /* JEHTTPManager.m */,
			);
			path = Network;
			sourceTree = "<group>";
		};
		70517F7E1CD7A07F0029233C /* Cache */ = {
			isa = PBXGroup;
			children = (
				70C7E6FE1CDA3BA900F0153E /* JECacheManager.h */,
				70C7E6FF1CDA3BA900F0153E /* JECacheManager.m */,
			);
			path = Cache;
			sourceTree = "<group>";
		};
		70517F821CD8353C0029233C /* Content */ = {
			isa = PBXGroup;
			children = (
				70517F831CD8356F0029233C /* JEHTTPManager+Content.h */,
				70517F841CD8356F0029233C /* JEHTTPManager+Content.m */,
			);
			path = Content;
			sourceTree = "<group>";
		};
		70517F861CD83CF40029233C /* User */ = {
			isa = PBXGroup;
			children = (
				70517F871CD83D0C0029233C /* JEUserManager.h */,
				70517F881CD83D0C0029233C /* JEUserManager.m */,
			);
			path = User;
			sourceTree = "<group>";
		};
		707B38C21CD2FA24000A3C93 = {
			isa = PBXGroup;
			children = (
				707B38CD1CD2FA24000A3C93 /* Jellybo */,
				707B38E71CD2FA24000A3C93 /* JellyboTests */,
				707B38F21CD2FA24000A3C93 /* JellyboUITests */,
				707B38CC1CD2FA24000A3C93 /* Products */,
				CB6F737BE6E44C8CA5F096C4 /* Pods.xcconfig */,
				33C8C5F2719D49F2B1DF942A /* Frameworks */,
			);
			sourceTree = "<group>";
		};
		707B38CC1CD2FA24000A3C93 /* Products */ = {
			isa = PBXGroup;
			children = (
				707B38CB1CD2FA24000A3C93 /* Jellybo.app */,
				707B38E41CD2FA24000A3C93 /* JellyboTests.xctest */,
				707B38EF1CD2FA24000A3C93 /* JellyboUITests.xctest */,
			);
			name = Products;
			sourceTree = "<group>";
		};
		707B38CD1CD2FA24000A3C93 /* Jellybo */ = {
			isa = PBXGroup;
			children = (
				70517F861CD83CF40029233C /* User */,
				70517F7C1CD7A0610029233C /* Data */,
				70517F651CD6DC810029233C /* Models */,
				707B39181CD301FF000A3C93 /* Vendors */,
				707B390E1CD2FDED000A3C93 /* Helpers */,
				707B39081CD2FC15000A3C93 /* Application */,
				707B39041CD2FAB7000A3C93 /* UIViewControllers */,
				707B38DC1CD2FA24000A3C93 /* LaunchScreen.storyboard */,
				707B38DF1CD2FA24000A3C93 /* Info.plist */,
				70DAE08F1CD9AE1100DAE0FE /* Assets.xcassets */,
				707B38CE1CD2FA24000A3C93 /* Supporting Files */,
			);
			path = Jellybo;
			sourceTree = "<group>";
		};
		707B38CE1CD2FA24000A3C93 /* Supporting Files */ = {
			isa = PBXGroup;
			children = (
				707B38CF1CD2FA24000A3C93 /* main.m */,
				707B390D1CD2FD97000A3C93 /* Macros.h */,
				707B39151CD3015C000A3C93 /* Localizable.strings */,
				707B392F1CD351FD000A3C93 /* Colors.h */,
			);
			name = "Supporting Files";
			sourceTree = "<group>";
		};
		707B38E71CD2FA24000A3C93 /* JellyboTests */ = {
			isa = PBXGroup;
			children = (
				707B38E81CD2FA24000A3C93 /* JellyboTests.m */,
				707B38EA1CD2FA24000A3C93 /* Info.plist */,
			);
			path = JellyboTests;
			sourceTree = "<group>";
		};
		707B38F21CD2FA24000A3C93 /* JellyboUITests */ = {
			isa = PBXGroup;
			children = (
				707B38F31CD2FA24000A3C93 /* JellyboUITests.m */,
				707B38F51CD2FA24000A3C93 /* Info.plist */,
			);
			path = JellyboUITests;
			sourceTree = "<group>";
		};
		707B39041CD2FAB7000A3C93 /* UIViewControllers */ = {
			isa = PBXGroup;
			children = (
				707B39221CD34C7B000A3C93 /* Person */,
				707B39201CD34C6A000A3C93 /* Messages */,
				707B391F1CD34C63000A3C93 /* Discover */,
				707B391E1CD34C5A000A3C93 /* Home */,
				707B39051CD2FAF1000A3C93 /* RootViewController.h */,
				707B39061CD2FAF1000A3C93 /* RootViewController.m */,
			);
			name = UIViewControllers;
			sourceTree = "<group>";
		};
		707B39081CD2FC15000A3C93 /* Application */ = {
			isa = PBXGroup;
			children = (
				707B39091CD2FCAA000A3C93 /* AppDelegate.h */,
				707B390A1CD2FCAA000A3C93 /* AppDelegate.m */,
				707B390C1CD2FCF5000A3C93 /* PrefixHeader.pch */,
				70517F781CD799560029233C /* JEApiKeys.h */,
			);
			name = Application;
			sourceTree = "<group>";
		};
		707B390E1CD2FDED000A3C93 /* Helpers */ = {
			isa = PBXGroup;
			children = (
				70DAE0911CD9B9DB00DAE0FE /* CircleImage */,
				707B39121CD30010000A3C93 /* JEHelper.h */,
				707B39131CD30010000A3C93 /* JEHelper.m */,
			);
			name = Helpers;
			sourceTree = "<group>";
		};
		707B39181CD301FF000A3C93 /* Vendors */ = {
			isa = PBXGroup;
			children = (
				70517F791CD79FF00029233C /* JSONKit.h */,
				70517F7A1CD79FF00029233C /* JSONKit.m */,
				70517F6B1CD775B10029233C /* NSDictionary+NotNullKey.h */,
				70517F6C1CD775B10029233C /* NSDictionary+NotNullKey.m */,
				707B39191CD30209000A3C93 /* EXTScope */,
				70DAE08C1CD8E87500DAE0FE /* UINavigationController+Custom.h */,
				70DAE08D1CD8E87500DAE0FE /* UINavigationController+Custom.m */,
			);
			name = Vendors;
			sourceTree = "<group>";
		};
		707B39191CD30209000A3C93 /* EXTScope */ = {
			isa = PBXGroup;
			children = (
				707B391A1CD30218000A3C93 /* EXTScope.h */,
				707B391B1CD30218000A3C93 /* EXTScope.m */,
				707B391C1CD30218000A3C93 /* metamacros.h */,
			);
			name = EXTScope;
			sourceTree = "<group>";
		};
		707B391E1CD34C5A000A3C93 /* Home */ = {
			isa = PBXGroup;
			children = (
				70517F611CD6DB720029233C /* View */,
				707B39231CD34CAD000A3C93 /* JEHomeViewController.h */,
				707B39241CD34CAD000A3C93 /* JEHomeViewController.m */,
			);
			name = Home;
			sourceTree = "<group>";
		};
		707B391F1CD34C63000A3C93 /* Discover */ = {
			isa = PBXGroup;
			children = (
				707B39261CD34CCF000A3C93 /* JEDiscoverViewController.h */,
				707B39271CD34CCF000A3C93 /* JEDiscoverViewController.m */,
			);
			name = Discover;
			sourceTree = "<group>";
		};
		707B39201CD34C6A000A3C93 /* Messages */ = {
			isa = PBXGroup;
			children = (
				707B39291CD34CED000A3C93 /* JEMessagesViewController.h */,
				707B392A1CD34CED000A3C93 /* JEMessagesViewController.m */,
			);
			name = Messages;
			sourceTree = "<group>";
		};
		707B39221CD34C7B000A3C93 /* Person */ = {
			isa = PBXGroup;
			children = (
				707B392C1CD34D01000A3C93 /* JEPersonViewController.h */,
				707B392D1CD34D01000A3C93 /* JEPersonViewController.m */,
			);
			name = Person;
			sourceTree = "<group>";
		};
		70DAE0911CD9B9DB00DAE0FE /* CircleImage */ = {
			isa = PBXGroup;
			children = (
				70DAE0921CD9B9FA00DAE0FE /* JEDrawerHelper.h */,
				70DAE0931CD9B9FA00DAE0FE /* JEDrawerHelper.m */,
			);
			path = CircleImage;
			sourceTree = "<group>";
		};
		70DAE0951CD9E3E700DAE0FE /* User */ = {
			isa = PBXGroup;
			children = (
				70DAE0961CD9E40A00DAE0FE /* JEHTTPManager+User.h */,
				70DAE0971CD9E40A00DAE0FE /* JEHTTPManager+User.m */,
			);
			path = User;
			sourceTree = "<group>";
		};
/* End PBXGroup section */

/* Begin PBXNativeTarget section */
		707B38CA1CD2FA24000A3C93 /* Jellybo */ = {
			isa = PBXNativeTarget;
			buildConfigurationList = 707B38F81CD2FA24000A3C93 /* Build configuration list for PBXNativeTarget "Jellybo" */;
			buildPhases = (
				2F9F187A843647BCA5A89FC1 /* Check Pods Manifest.lock */,
				707B38C71CD2FA24000A3C93 /* Sources */,
				707B38C81CD2FA24000A3C93 /* Frameworks */,
				707B38C91CD2FA24000A3C93 /* Resources */,
				DCAD65C043454558851314FD /* Copy Pods Resources */,
			);
			buildRules = (
			);
			dependencies = (
			);
			name = Jellybo;
			productName = Jellybo;
			productReference = 707B38CB1CD2FA24000A3C93 /* Jellybo.app */;
			productType = "com.apple.product-type.application";
		};
		707B38E31CD2FA24000A3C93 /* JellyboTests */ = {
			isa = PBXNativeTarget;
			buildConfigurationList = 707B38FB1CD2FA24000A3C93 /* Build configuration list for PBXNativeTarget "JellyboTests" */;
			buildPhases = (
				707B38E01CD2FA24000A3C93 /* Sources */,
				707B38E11CD2FA24000A3C93 /* Frameworks */,
				707B38E21CD2FA24000A3C93 /* Resources */,
			);
			buildRules = (
			);
			dependencies = (
				707B38E61CD2FA24000A3C93 /* PBXTargetDependency */,
			);
			name = JellyboTests;
			productName = JellyboTests;
			productReference = 707B38E41CD2FA24000A3C93 /* JellyboTests.xctest */;
			productType = "com.apple.product-type.bundle.unit-test";
		};
		707B38EE1CD2FA24000A3C93 /* JellyboUITests */ = {
			isa = PBXNativeTarget;
			buildConfigurationList = 707B38FE1CD2FA24000A3C93 /* Build configuration list for PBXNativeTarget "JellyboUITests" */;
			buildPhases = (
				707B38EB1CD2FA24000A3C93 /* Sources */,
				707B38EC1CD2FA24000A3C93 /* Frameworks */,
				707B38ED1CD2FA24000A3C93 /* Resources */,
			);
			buildRules = (
			);
			dependencies = (
				707B38F11CD2FA24000A3C93 /* PBXTargetDependency */,
			);
			name = JellyboUITests;
			productName = JellyboUITests;
			productReference = 707B38EF1CD2FA24000A3C93 /* JellyboUITests.xctest */;
			productType = "com.apple.product-type.bundle.ui-testing";
		};
/* End PBXNativeTarget section */

/* Begin PBXProject section */
		707B38C31CD2FA24000A3C93 /* Project object */ = {
			isa = PBXProject;
			attributes = {
				LastUpgradeCheck = 0720;
				ORGANIZATIONNAME = JIN;
				TargetAttributes = {
					707B38CA1CD2FA24000A3C93 = {
						CreatedOnToolsVersion = 7.2.1;
						DevelopmentTeam = JA4354X97E;
					};
					707B38E31CD2FA24000A3C93 = {
						CreatedOnToolsVersion = 7.2.1;
						DevelopmentTeam = JA4354X97E;
						TestTargetID = 707B38CA1CD2FA24000A3C93;
					};
					707B38EE1CD2FA24000A3C93 = {
						CreatedOnToolsVersion = 7.2.1;
						DevelopmentTeam = JA4354X97E;
						TestTargetID = 707B38CA1CD2FA24000A3C93;
					};
				};
			};
			buildConfigurationList = 707B38C61CD2FA24000A3C93 /* Build configuration list for PBXProject "Jellybo" */;
			compatibilityVersion = "Xcode 3.2";
			developmentRegion = English;
			hasScannedForEncodings = 0;
			knownRegions = (
				en,
				Base,
			);
			mainGroup = 707B38C21CD2FA24000A3C93;
			productRefGroup = 707B38CC1CD2FA24000A3C93 /* Products */;
			projectDirPath = "";
			projectRoot = "";
			targets = (
				707B38CA1CD2FA24000A3C93 /* Jellybo */,
				707B38E31CD2FA24000A3C93 /* JellyboTests */,
				707B38EE1CD2FA24000A3C93 /* JellyboUITests */,
			);
		};
/* End PBXProject section */

/* Begin PBXResourcesBuildPhase section */
		707B38C91CD2FA24000A3C93 /* Resources */ = {
			isa = PBXResourcesBuildPhase;
			buildActionMask = 2147483647;
			files = (
				707B38DE1CD2FA24000A3C93 /* LaunchScreen.storyboard in Resources */,
				70DAE0901CD9AE1100DAE0FE /* Assets.xcassets in Resources */,
				707B39161CD3015C000A3C93 /* Localizable.strings in Resources */,
			);
			runOnlyForDeploymentPostprocessing = 0;
		};
		707B38E21CD2FA24000A3C93 /* Resources */ = {
			isa = PBXResourcesBuildPhase;
			buildActionMask = 2147483647;
			files = (
			);
			runOnlyForDeploymentPostprocessing = 0;
		};
		707B38ED1CD2FA24000A3C93 /* Resources */ = {
			isa = PBXResourcesBuildPhase;
			buildActionMask = 2147483647;
			files = (
			);
			runOnlyForDeploymentPostprocessing = 0;
		};
/* End PBXResourcesBuildPhase section */

/* Begin PBXShellScriptBuildPhase section */
		2F9F187A843647BCA5A89FC1 /* Check Pods Manifest.lock */ = {
			isa = PBXShellScriptBuildPhase;
			buildActionMask = 2147483647;
			files = (
			);
			inputPaths = (
			);
			name = "Check Pods Manifest.lock";
			outputPaths = (
			);
			runOnlyForDeploymentPostprocessing = 0;
			shellPath = /bin/sh;
			shellScript = "diff \"${PODS_ROOT}/../Podfile.lock\" \"${PODS_ROOT}/Manifest.lock\" > /dev/null\nif [[ $? != 0 ]] ; then\n    cat << EOM\nerror: The sandbox is not in sync with the Podfile.lock. Run 'pod install' or update your CocoaPods installation.\nEOM\n    exit 1\nfi\n";
			showEnvVarsInLog = 0;
		};
		DCAD65C043454558851314FD /* Copy Pods Resources */ = {
			isa = PBXShellScriptBuildPhase;
			buildActionMask = 2147483647;
			files = (
			);
			inputPaths = (
			);
			name = "Copy Pods Resources";
			outputPaths = (
			);
			runOnlyForDeploymentPostprocessing = 0;
			shellPath = /bin/sh;
			shellScript = "\"${SRCROOT}/Pods/Pods-resources.sh\"\n";
			showEnvVarsInLog = 0;
		};
/* End PBXShellScriptBuildPhase section */

/* Begin PBXSourcesBuildPhase section */
		707B38C71CD2FA24000A3C93 /* Sources */ = {
			isa = PBXSourcesBuildPhase;
			buildActionMask = 2147483647;
			files = (
				70517F811CD7A0F30029233C /* JEHTTPManager.m in Sources */,
				707B391D1CD30218000A3C93 /* EXTScope.m in Sources */,
				707B39141CD30010000A3C93 /* JEHelper.m in Sources */,
				70517F741CD77E740029233C /* JEBaseUserInfoModel.m in Sources */,
				707B39251CD34CAD000A3C93 /* JEHomeViewController.m in Sources */,
				70517F6D1CD775B10029233C /* NSDictionary+NotNullKey.m in Sources */,
				707B392B1CD34CED000A3C93 /* JEMessagesViewController.m in Sources */,
				70517F7B1CD79FF00029233C /* JSONKit.m in Sources */,
				70DAE08E1CD8E87500DAE0FE /* UINavigationController+Custom.m in Sources */,
				70517F711CD77E3F0029233C /* JEGeoInfoModel.m in Sources */,
				707B392E1CD34D01000A3C93 /* JEPersonViewController.m in Sources */,
				70DAE0941CD9B9FA00DAE0FE /* JEDrawerHelper.m in Sources */,
				70517F891CD83D0C0029233C /* JEUserManager.m in Sources */,
				70517F851CD8356F0029233C /* JEHTTPManager+Content.m in Sources */,
				707B390B1CD2FCAA000A3C93 /* AppDelegate.m in Sources */,
				70517F641CD6DC070029233C /* JEBaseWeiboCell.m in Sources */,
				70517F6A1CD6DD2C0029233C /* JEBaseWeiboContentModel.m in Sources */,
				70C7E7001CDA3BA900F0153E /* JECacheManager.m in Sources */,
				70517F771CD782F30029233C /* JEBaseModel.m in Sources */,
				707B38D01CD2FA24000A3C93 /* main.m in Sources */,
				70DAE08B1CD8E80800DAE0FE /* JERetweetViewInCell.m in Sources */,
				707B39071CD2FAF1000A3C93 /* RootViewController.m in Sources */,
				707B39281CD34CCF000A3C93 /* JEDiscoverViewController.m in Sources */,
				70DAE0981CD9E40A00DAE0FE /* JEHTTPManager+User.m in Sources */,
			);
			runOnlyForDeploymentPostprocessing = 0;
		};
		707B38E01CD2FA24000A3C93 /* Sources */ = {
			isa = PBXSourcesBuildPhase;
			buildActionMask = 2147483647;
			files = (
				707B38E91CD2FA24000A3C93 /* JellyboTests.m in Sources */,
			);
			runOnlyForDeploymentPostprocessing = 0;
		};
		707B38EB1CD2FA24000A3C93 /* Sources */ = {
			isa = PBXSourcesBuildPhase;
			buildActionMask = 2147483647;
			files = (
				707B38F41CD2FA24000A3C93 /* JellyboUITests.m in Sources */,
			);
			runOnlyForDeploymentPostprocessing = 0;
		};
/* End PBXSourcesBuildPhase section */

/* Begin PBXTargetDependency section */
		707B38E61CD2FA24000A3C93 /* PBXTargetDependency */ = {
			isa = PBXTargetDependency;
			target = 707B38CA1CD2FA24000A3C93 /* Jellybo */;
			targetProxy = 707B38E51CD2FA24000A3C93 /* PBXContainerItemProxy */;
		};
		707B38F11CD2FA24000A3C93 /* PBXTargetDependency */ = {
			isa = PBXTargetDependency;
			target = 707B38CA1CD2FA24000A3C93 /* Jellybo */;
			targetProxy = 707B38F01CD2FA24000A3C93 /* PBXContainerItemProxy */;
		};
/* End PBXTargetDependency section */

/* Begin PBXVariantGroup section */
		707B38DC1CD2FA24000A3C93 /* LaunchScreen.storyboard */ = {
			isa = PBXVariantGroup;
			children = (
				707B38DD1CD2FA24000A3C93 /* Base */,
			);
			name = LaunchScreen.storyboard;
			sourceTree = "<group>";
		};
/* End PBXVariantGroup section */

/* Begin XCBuildConfiguration section */
		707B38F61CD2FA24000A3C93 /* Debug */ = {
			isa = XCBuildConfiguration;
			buildSettings = {
				ALWAYS_SEARCH_USER_PATHS = NO;
				CLANG_CXX_LANGUAGE_STANDARD = "gnu++0x";
				CLANG_CXX_LIBRARY = "libc++";
				CLANG_ENABLE_MODULES = YES;
				CLANG_ENABLE_OBJC_ARC = YES;
				CLANG_WARN_BOOL_CONVERSION = YES;
				CLANG_WARN_CONSTANT_CONVERSION = YES;
				CLANG_WARN_DIRECT_OBJC_ISA_USAGE = YES_ERROR;
				CLANG_WARN_EMPTY_BODY = YES;
				CLANG_WARN_ENUM_CONVERSION = YES;
				CLANG_WARN_INT_CONVERSION = YES;
				CLANG_WARN_OBJC_ROOT_CLASS = YES_ERROR;
				CLANG_WARN_UNREACHABLE_CODE = YES;
				CLANG_WARN__DUPLICATE_METHOD_MATCH = YES;
				"CODE_SIGN_IDENTITY[sdk=iphoneos*]" = "iPhone Developer";
				COPY_PHASE_STRIP = NO;
				DEBUG_INFORMATION_FORMAT = dwarf;
				ENABLE_STRICT_OBJC_MSGSEND = YES;
				ENABLE_TESTABILITY = YES;
				GCC_C_LANGUAGE_STANDARD = gnu99;
				GCC_DYNAMIC_NO_PIC = NO;
				GCC_NO_COMMON_BLOCKS = YES;
				GCC_OPTIMIZATION_LEVEL = 0;
				GCC_PREPROCESSOR_DEFINITIONS = (
					"DEBUG=1",
					"$(inherited)",
				);
				GCC_WARN_64_TO_32_BIT_CONVERSION = YES;
				GCC_WARN_ABOUT_RETURN_TYPE = YES_ERROR;
				GCC_WARN_UNDECLARED_SELECTOR = YES;
				GCC_WARN_UNINITIALIZED_AUTOS = YES_AGGRESSIVE;
				GCC_WARN_UNUSED_FUNCTION = YES;
				GCC_WARN_UNUSED_VARIABLE = YES;
				IPHONEOS_DEPLOYMENT_TARGET = 9.2;
				MTL_ENABLE_DEBUG_INFO = YES;
				ONLY_ACTIVE_ARCH = YES;
				SDKROOT = iphoneos;
			};
			name = Debug;
		};
		707B38F71CD2FA24000A3C93 /* Release */ = {
			isa = XCBuildConfiguration;
			buildSettings = {
				ALWAYS_SEARCH_USER_PATHS = NO;
				CLANG_CXX_LANGUAGE_STANDARD = "gnu++0x";
				CLANG_CXX_LIBRARY = "libc++";
				CLANG_ENABLE_MODULES = YES;
				CLANG_ENABLE_OBJC_ARC = YES;
				CLANG_WARN_BOOL_CONVERSION = YES;
				CLANG_WARN_CONSTANT_CONVERSION = YES;
				CLANG_WARN_DIRECT_OBJC_ISA_USAGE = YES_ERROR;
				CLANG_WARN_EMPTY_BODY = YES;
				CLANG_WARN_ENUM_CONVERSION = YES;
				CLANG_WARN_INT_CONVERSION = YES;
				CLANG_WARN_OBJC_ROOT_CLASS = YES_ERROR;
				CLANG_WARN_UNREACHABLE_CODE = YES;
				CLANG_WARN__DUPLICATE_METHOD_MATCH = YES;
				"CODE_SIGN_IDENTITY[sdk=iphoneos*]" = "iPhone Developer";
				COPY_PHASE_STRIP = NO;
				DEBUG_INFORMATION_FORMAT = "dwarf-with-dsym";
				ENABLE_NS_ASSERTIONS = NO;
				ENABLE_STRICT_OBJC_MSGSEND = YES;
				GCC_C_LANGUAGE_STANDARD = gnu99;
				GCC_NO_COMMON_BLOCKS = YES;
				GCC_WARN_64_TO_32_BIT_CONVERSION = YES;
				GCC_WARN_ABOUT_RETURN_TYPE = YES_ERROR;
				GCC_WARN_UNDECLARED_SELECTOR = YES;
				GCC_WARN_UNINITIALIZED_AUTOS = YES_AGGRESSIVE;
				GCC_WARN_UNUSED_FUNCTION = YES;
				GCC_WARN_UNUSED_VARIABLE = YES;
				IPHONEOS_DEPLOYMENT_TARGET = 9.2;
				MTL_ENABLE_DEBUG_INFO = NO;
				SDKROOT = iphoneos;
				VALIDATE_PRODUCT = YES;
			};
			name = Release;
		};
		707B38F91CD2FA24000A3C93 /* Debug */ = {
			isa = XCBuildConfiguration;
			baseConfigurationReference = CB6F737BE6E44C8CA5F096C4 /* Pods.xcconfig */;
			buildSettings = {
				ASSETCATALOG_COMPILER_APPICON_NAME = AppIcon;
				CODE_SIGN_IDENTITY = "iPhone Developer";
				GCC_PRECOMPILE_PREFIX_HEADER = YES;
				GCC_PREFIX_HEADER = Jellybo/Application/PrefixHeader.pch;
				INFOPLIST_FILE = Jellybo/Info.plist;
				LD_RUNPATH_SEARCH_PATHS = "$(inherited) @executable_path/Frameworks";
				PRODUCT_BUNDLE_IDENTIFIER = com.poon.Jellybo;
				PRODUCT_NAME = "$(TARGET_NAME)";
			};
			name = Debug;
		};
		707B38FA1CD2FA24000A3C93 /* Release */ = {
			isa = XCBuildConfiguration;
			baseConfigurationReference = CB6F737BE6E44C8CA5F096C4 /* Pods.xcconfig */;
			buildSettings = {
				ASSETCATALOG_COMPILER_APPICON_NAME = AppIcon;
				CODE_SIGN_IDENTITY = "iPhone Developer";
				GCC_PRECOMPILE_PREFIX_HEADER = YES;
				GCC_PREFIX_HEADER = Jellybo/Application/PrefixHeader.pch;
				INFOPLIST_FILE = Jellybo/Info.plist;
				LD_RUNPATH_SEARCH_PATHS = "$(inherited) @executable_path/Frameworks";
				PRODUCT_BUNDLE_IDENTIFIER = com.poon.Jellybo;
				PRODUCT_NAME = "$(TARGET_NAME)";
			};
			name = Release;
		};
		707B38FC1CD2FA24000A3C93 /* Debug */ = {
			isa = XCBuildConfiguration;
			buildSettings = {
				BUNDLE_LOADER = "$(TEST_HOST)";
				INFOPLIST_FILE = JellyboTests/Info.plist;
				LD_RUNPATH_SEARCH_PATHS = "$(inherited) @executable_path/Frameworks @loader_path/Frameworks";
				PRODUCT_BUNDLE_IDENTIFIER = com.poon.JellyboTests;
				PRODUCT_NAME = "$(TARGET_NAME)";
				TEST_HOST = "$(BUILT_PRODUCTS_DIR)/Jellybo.app/Jellybo";
			};
			name = Debug;
		};
		707B38FD1CD2FA24000A3C93 /* Release */ = {
			isa = XCBuildConfiguration;
			buildSettings = {
				BUNDLE_LOADER = "$(TEST_HOST)";
				INFOPLIST_FILE = JellyboTests/Info.plist;
				LD_RUNPATH_SEARCH_PATHS = "$(inherited) @executable_path/Frameworks @loader_path/Frameworks";
				PRODUCT_BUNDLE_IDENTIFIER = com.poon.JellyboTests;
				PRODUCT_NAME = "$(TARGET_NAME)";
				TEST_HOST = "$(BUILT_PRODUCTS_DIR)/Jellybo.app/Jellybo";
			};
			name = Release;
		};
		707B38FF1CD2FA24000A3C93 /* Debug */ = {
			isa = XCBuildConfiguration;
			buildSettings = {
				INFOPLIST_FILE = JellyboUITests/Info.plist;
				LD_RUNPATH_SEARCH_PATHS = "$(inherited) @executable_path/Frameworks @loader_path/Frameworks";
				PRODUCT_BUNDLE_IDENTIFIER = com.poon.JellyboUITests;
				PRODUCT_NAME = "$(TARGET_NAME)";
				TEST_TARGET_NAME = Jellybo;
				USES_XCTRUNNER = YES;
			};
			name = Debug;
		};
		707B39001CD2FA24000A3C93 /* Release */ = {
			isa = XCBuildConfiguration;
			buildSettings = {
				INFOPLIST_FILE = JellyboUITests/Info.plist;
				LD_RUNPATH_SEARCH_PATHS = "$(inherited) @executable_path/Frameworks @loader_path/Frameworks";
				PRODUCT_BUNDLE_IDENTIFIER = com.poon.JellyboUITests;
				PRODUCT_NAME = "$(TARGET_NAME)";
				TEST_TARGET_NAME = Jellybo;
				USES_XCTRUNNER = YES;
			};
			name = Release;
		};
/* End XCBuildConfiguration section */

/* Begin XCConfigurationList section */
		707B38C61CD2FA24000A3C93 /* Build configuration list for PBXProject "Jellybo" */ = {
			isa = XCConfigurationList;
			buildConfigurations = (
				707B38F61CD2FA24000A3C93 /* Debug */,
				707B38F71CD2FA24000A3C93 /* Release */,
			);
			defaultConfigurationIsVisible = 0;
			defaultConfigurationName = Release;
		};
		707B38F81CD2FA24000A3C93 /* Build configuration list for PBXNativeTarget "Jellybo" */ = {
			isa = XCConfigurationList;
			buildConfigurations = (
				707B38F91CD2FA24000A3C93 /* Debug */,
				707B38FA1CD2FA24000A3C93 /* Release */,
			);
			defaultConfigurationIsVisible = 0;
			defaultConfigurationName = Release;
		};
		707B38FB1CD2FA24000A3C93 /* Build configuration list for PBXNativeTarget "JellyboTests" */ = {
			isa = XCConfigurationList;
			buildConfigurations = (
				707B38FC1CD2FA24000A3C93 /* Debug */,
				707B38FD1CD2FA24000A3C93 /* Release */,
			);
			defaultConfigurationIsVisible = 0;
			defaultConfigurationName = Release;
		};
		707B38FE1CD2FA24000A3C93 /* Build configuration list for PBXNativeTarget "JellyboUITests" */ = {
			isa = XCConfigurationList;
			buildConfigurations = (
				707B38FF1CD2FA24000A3C93 /* Debug */,
				707B39001CD2FA24000A3C93 /* Release */,
			);
			defaultConfigurationIsVisible = 0;
			defaultConfigurationName = Release;
		};
/* End XCConfigurationList section */
	};
	rootObject = 707B38C31CD2FA24000A3C93 /* Project object */;
}
